
Microsoft Visual Studio Solution File, Format Version 9.00
# Visual Studio 2005
Project("{FAE04EC0-301F-11D3-BF4B-00C04F79EFBC}") = "StyleSnooper", "StyleSnooper.csproj", "{21D8B0CD-05C1-4CF1-8079-068AB0A50409}"
EndProject
Global
	GlobalSection(SolutionConfigurationPlatforms) = preSolution
		Debug|Any CPU = Debug|Any CPU
	EndGlobalSection
	GlobalSection(ProjectConfigurationPlatforms) = postSolution
		{21D8B0CD-05C1-4CF1-8079-068AB0A50409}.Debug|Any CPU.ActiveCfg = Debug|Any CPU
		{21D8B0CD-05C1-4CF1-8079-068AB0A50409}.Debug|Any CPU.Build.0 = Debug|Any CPU
	EndGlobalSection
	GlobalSection(SolutionProperties) = preSolution
		HideSolutionNode = FALSE
	EndGlobalSection
EndGlobal
